// !$*UTF8*$!
{
	archiveVersion = 1;
	classes = {
	};
	objectVersion = 46;
	objects = {

/* Begin PBXBuildFile section */
		7947BC7F1F5CE52C00D0638C /* MyTableViewCell.m in Sources */ = {isa = PBXBuildFile; fileRef = 7947BC7E1F5CE52C00D0638C /* MyTableViewCell.m */; };
		7947BC8C1F5D339500D0638C /* MyOrderTableViewCell.m in Sources */ = {isa = PBXBuildFile; fileRef = 7947BC8B1F5D339500D0638C /* MyOrderTableViewCell.m */; };
		7947BC8E1F5D36FA00D0638C /* MyPromotionViewController.m in Sources */ = {isa = PBXBuildFile; fileRef = 7947BC8D1F5D36FA00D0638C /* MyPromotionViewController.m */; };
		841F0EB11F5A86BC000B57B6 /* SetUpTableViewCell.m in Sources */ = {isa = PBXBuildFile; fileRef = 841F0EB01F5A86BC000B57B6 /* SetUpTableViewCell.m */; };
		841F0EB41F5A8785000B57B6 /* NCViewController.m in Sources */ = {isa = PBXBuildFile; fileRef = 841F0EB31F5A8785000B57B6 /* NCViewController.m */; };
		841F0EB71F5A87AE000B57B6 /* XBViewController.m in Sources */ = {isa = PBXBuildFile; fileRef = 841F0EB61F5A87AE000B57B6 /* XBViewController.m */; };
		841F0EBA1F5A87CF000B57B6 /* SRViewController.m in Sources */ = {isa = PBXBuildFile; fileRef = 841F0EB91F5A87CF000B57B6 /* SRViewController.m */; };
		841F0EBD1F5A87E5000B57B6 /* SFZHMViewController.m in Sources */ = {isa = PBXBuildFile; fileRef = 841F0EBC1F5A87E5000B57B6 /* SFZHMViewController.m */; };
		841F0EC01F5AA786000B57B6 /* UserModel.m in Sources */ = {isa = PBXBuildFile; fileRef = 841F0EBF1F5AA786000B57B6 /* UserModel.m */; };
		84C85B091F594D9E00941F69 /* main.m in Sources */ = {isa = PBXBuildFile; fileRef = 84C85B081F594D9E00941F69 /* main.m */; };
		84C85B0C1F594D9E00941F69 /* AppDelegate.m in Sources */ = {isa = PBXBuildFile; fileRef = 84C85B0B1F594D9E00941F69 /* AppDelegate.m */; };
		84C85B151F594D9E00941F69 /* Healths.xcdatamodeld in Sources */ = {isa = PBXBuildFile; fileRef = 84C85B131F594D9E00941F69 /* Healths.xcdatamodeld */; };
		84C85B171F594D9E00941F69 /* Assets.xcassets in Resources */ = {isa = PBXBuildFile; fileRef = 84C85B161F594D9E00941F69 /* Assets.xcassets */; };
		84C85B1A1F594D9E00941F69 /* LaunchScreen.storyboard in Resources */ = {isa = PBXBuildFile; fileRef = 84C85B181F594D9E00941F69 /* LaunchScreen.storyboard */; };
		84C85B251F594D9E00941F69 /* HealthsTests.m in Sources */ = {isa = PBXBuildFile; fileRef = 84C85B241F594D9E00941F69 /* HealthsTests.m */; };
		84C85B301F594D9E00941F69 /* HealthsUITests.m in Sources */ = {isa = PBXBuildFile; fileRef = 84C85B2F1F594D9E00941F69 /* HealthsUITests.m */; };
		84C85B501F5950DB00941F69 /* bitstream.m in Sources */ = {isa = PBXBuildFile; fileRef = 84C85B401F5950DB00941F69 /* bitstream.m */; };
		84C85B511F5950DB00941F69 /* mask.m in Sources */ = {isa = PBXBuildFile; fileRef = 84C85B421F5950DB00941F69 /* mask.m */; };
		84C85B521F5950DB00941F69 /* qrencode.m in Sources */ = {isa = PBXBuildFile; fileRef = 84C85B441F5950DB00941F69 /* qrencode.m */; };
		84C85B531F5950DB00941F69 /* qrinput.m in Sources */ = {isa = PBXBuildFile; fileRef = 84C85B461F5950DB00941F69 /* qrinput.m */; };
		84C85B541F5950DB00941F69 /* qrspec.m in Sources */ = {isa = PBXBuildFile; fileRef = 84C85B481F5950DB00941F69 /* qrspec.m */; };
		84C85B551F5950DB00941F69 /* rscode.m in Sources */ = {isa = PBXBuildFile; fileRef = 84C85B4A1F5950DB00941F69 /* rscode.m */; };
		84C85B561F5950DB00941F69 /* split.m in Sources */ = {isa = PBXBuildFile; fileRef = 84C85B4C1F5950DB00941F69 /* split.m */; };
		84C85B571F5950DB00941F69 /* BasicEncodingRules.m in Sources */ = {isa = PBXBuildFile; fileRef = 84C85B4F1F5950DB00941F69 /* BasicEncodingRules.m */; };
		84C85B6E1F5950E900941F69 /* GBAlipayManager.m in Sources */ = {isa = PBXBuildFile; fileRef = 84C85B5B1F5950E900941F69 /* GBAlipayManager.m */; };
		84C85B6F1F5950E900941F69 /* base64.m in Sources */ = {isa = PBXBuildFile; fileRef = 84C85B5E1F5950E900941F69 /* base64.m */; };
		84C85B701F5950E900941F69 /* DataSigner.m in Sources */ = {isa = PBXBuildFile; fileRef = 84C85B611F5950E900941F69 /* DataSigner.m */; };
		84C85B711F5950E900941F69 /* DataVerifier.m in Sources */ = {isa = PBXBuildFile; fileRef = 84C85B631F5950E900941F69 /* DataVerifier.m */; };
		84C85B721F5950E900941F69 /* MD5DataSigner.m in Sources */ = {isa = PBXBuildFile; fileRef = 84C85B651F5950E900941F69 /* MD5DataSigner.m */; };
		84C85B731F5950E900941F69 /* NSDataEx.m in Sources */ = {isa = PBXBuildFile; fileRef = 84C85B671F5950E900941F69 /* NSDataEx.m */; };
		84C85B741F5950E900941F69 /* openssl_wrapper.m in Sources */ = {isa = PBXBuildFile; fileRef = 84C85B691F5950E900941F69 /* openssl_wrapper.m */; };
		84C85B751F5950E900941F69 /* RSADataSigner.m in Sources */ = {isa = PBXBuildFile; fileRef = 84C85B6B1F5950E900941F69 /* RSADataSigner.m */; };
		84C85B761F5950E900941F69 /* RSADataVerifier.m in Sources */ = {isa = PBXBuildFile; fileRef = 84C85B6D1F5950E900941F69 /* RSADataVerifier.m */; };
		84C85B981F5950FA00941F69 /* AboutUsViewController.m in Sources */ = {isa = PBXBuildFile; fileRef = 84C85B7B1F5950FA00941F69 /* AboutUsViewController.m */; };
		84C85B991F5950FA00941F69 /* ClubDetailViewController.m in Sources */ = {isa = PBXBuildFile; fileRef = 84C85B7D1F5950FA00941F69 /* ClubDetailViewController.m */; };
		84C85B9A1F5950FA00941F69 /* FeedbackViewController.m in Sources */ = {isa = PBXBuildFile; fileRef = 84C85B7F1F5950FA00941F69 /* FeedbackViewController.m */; };
		84C85B9B1F5950FA00941F69 /* FindViewController.m in Sources */ = {isa = PBXBuildFile; fileRef = 84C85B811F5950FA00941F69 /* FindViewController.m */; };
		84C85B9C1F5950FA00941F69 /* HomeViewController.m in Sources */ = {isa = PBXBuildFile; fileRef = 84C85B831F5950FA00941F69 /* HomeViewController.m */; };
		84C85B9D1F5950FA00941F69 /* IntegralViewController.m in Sources */ = {isa = PBXBuildFile; fileRef = 84C85B851F5950FA00941F69 /* IntegralViewController.m */; };
		84C85B9E1F5950FA00941F69 /* MyOrderViewController.m in Sources */ = {isa = PBXBuildFile; fileRef = 84C85B871F5950FA00941F69 /* MyOrderViewController.m */; };
		84C85BA01F5950FA00941F69 /* MyViewController.m in Sources */ = {isa = PBXBuildFile; fileRef = 84C85B8B1F5950FA00941F69 /* MyViewController.m */; };
		84C85BA11F5950FA00941F69 /* PayViewController.m in Sources */ = {isa = PBXBuildFile; fileRef = 84C85B8D1F5950FA00941F69 /* PayViewController.m */; };
		84C85BA21F5950FA00941F69 /* SecuritiesDetailViewController.m in Sources */ = {isa = PBXBuildFile; fileRef = 84C85B8F1F5950FA00941F69 /* SecuritiesDetailViewController.m */; };
		84C85BA31F5950FA00941F69 /* SetUpViewController.m in Sources */ = {isa = PBXBuildFile; fileRef = 84C85B911F5950FA00941F69 /* SetUpViewController.m */; };
		84C85BA41F5950FA00941F69 /* SignInViewController.m in Sources */ = {isa = PBXBuildFile; fileRef = 84C85B931F5950FA00941F69 /* SignInViewController.m */; };
		84C85BA51F5950FA00941F69 /* SignUpViewController.m in Sources */ = {isa = PBXBuildFile; fileRef = 84C85B951F5950FA00941F69 /* SignUpViewController.m */; };
		84C85BBD1F59511800941F69 /* Order.m in Sources */ = {isa = PBXBuildFile; fileRef = 84C85BA91F59511800941F69 /* Order.m */; };
		84C85BBE1F59511800941F69 /* AppAPIClient.m in Sources */ = {isa = PBXBuildFile; fileRef = 84C85BAC1F59511800941F69 /* AppAPIClient.m */; };
		84C85BBF1F59511800941F69 /* ErrorHandler.m in Sources */ = {isa = PBXBuildFile; fileRef = 84C85BAE1F59511800941F69 /* ErrorHandler.m */; };
		84C85BC01F59511800941F69 /* JSONS.m in Sources */ = {isa = PBXBuildFile; fileRef = 84C85BB01F59511800941F69 /* JSONS.m */; };
		84C85BC11F59511800941F69 /* NSData+Base64.m in Sources */ = {isa = PBXBuildFile; fileRef = 84C85BB21F59511800941F69 /* NSData+Base64.m */; };
		84C85BC21F59511800941F69 /* NSString+Crypt.m in Sources */ = {isa = PBXBuildFile; fileRef = 84C85BB41F59511800941F69 /* NSString+Crypt.m */; };
		84C85BC31F59511800941F69 /* RequestAPI.m in Sources */ = {isa = PBXBuildFile; fileRef = 84C85BB61F59511800941F69 /* RequestAPI.m */; };
		84C85BC41F59511800941F69 /* StorageMgr.m in Sources */ = {isa = PBXBuildFile; fileRef = 84C85BB81F59511800941F69 /* StorageMgr.m */; };
		84C85BC51F59511800941F69 /* UIImage+MDQRCode.m in Sources */ = {isa = PBXBuildFile; fileRef = 84C85BBA1F59511800941F69 /* UIImage+MDQRCode.m */; };
		84C85BC61F59511800941F69 /* Utilities.m in Sources */ = {isa = PBXBuildFile; fileRef = 84C85BBC1F59511800941F69 /* Utilities.m */; };
		84C85BCC1F5951F000941F69 /* AlipaySDK.framework in Frameworks */ = {isa = PBXBuildFile; fileRef = 84C85BC71F5951F000941F69 /* AlipaySDK.framework */; };
		84C85BCD1F5951F000941F69 /* Openssl.framework in Frameworks */ = {isa = PBXBuildFile; fileRef = 84C85BC81F5951F000941F69 /* Openssl.framework */; };
		84C85BCE1F5951F000941F69 /* AlipaySDK.bundle in Frameworks */ = {isa = PBXBuildFile; fileRef = 84C85BC91F5951F000941F69 /* AlipaySDK.bundle */; };
		84C85BCF1F5951F000941F69 /* libcrypto.a in Frameworks */ = {isa = PBXBuildFile; fileRef = 84C85BCA1F5951F000941F69 /* libcrypto.a */; };
		84C85BD01F5951F000941F69 /* libssl.a in Frameworks */ = {isa = PBXBuildFile; fileRef = 84C85BCB1F5951F000941F69 /* libssl.a */; };
		84C85BD21F59522F00941F69 /* CoreTelephony.framework in Frameworks */ = {isa = PBXBuildFile; fileRef = 84C85BD11F59522F00941F69 /* CoreTelephony.framework */; };
		84C85BD41F59523B00941F69 /* CoreMotion.framework in Frameworks */ = {isa = PBXBuildFile; fileRef = 84C85BD31F59523B00941F69 /* CoreMotion.framework */; };
		84C85BD61F59524D00941F69 /* libz.tbd in Frameworks */ = {isa = PBXBuildFile; fileRef = 84C85BD51F59524D00941F69 /* libz.tbd */; };
		84C85BD91F59546B00941F69 /* libstdc++.tbd in Frameworks */ = {isa = PBXBuildFile; fileRef = 84C85BD81F59546B00941F69 /* libstdc++.tbd */; };
		84C85BDF1F5954E100941F69 /* Detail.storyboard in Resources */ = {isa = PBXBuildFile; fileRef = 84C85BDB1F5954E100941F69 /* Detail.storyboard */; };
		84C85BE11F5954E100941F69 /* SetUp.storyboard in Resources */ = {isa = PBXBuildFile; fileRef = 84C85BDD1F5954E100941F69 /* SetUp.storyboard */; };
		84C85BE21F5954E100941F69 /* Sign.storyboard in Resources */ = {isa = PBXBuildFile; fileRef = 84C85BDE1F5954E100941F69 /* Sign.storyboard */; };
		84C85BE61F59573B00941F69 /* Main.storyboard in Resources */ = {isa = PBXBuildFile; fileRef = 84C85BE51F59573B00941F69 /* Main.storyboard */; };
		84C85BF11F5A496000941F69 /* HomeTableViewCell.m in Sources */ = {isa = PBXBuildFile; fileRef = 84C85BF01F5A496000941F69 /* HomeTableViewCell.m */; };
		84DE7A911F5CE07E00D82DBB /* HomeModel.m in Sources */ = {isa = PBXBuildFile; fileRef = 84DE7A901F5CE07E00D82DBB /* HomeModel.m */; };
		AAA573C955E9683EDA0BA5ED /* libPods-Healths.a in Frameworks */ = {isa = PBXBuildFile; fileRef = A80F461B059254101490D702 /* libPods-Healths.a */; };
/* End PBXBuildFile section */

/* Begin PBXContainerItemProxy section */
		84C85B211F594D9E00941F69 /* PBXContainerItemProxy */ = {
			isa = PBXContainerItemProxy;
			containerPortal = 84C85AFC1F594D9E00941F69 /* Project object */;
			proxyType = 1;
			remoteGlobalIDString = 84C85B031F594D9E00941F69;
			remoteInfo = Healths;
		};
		84C85B2C1F594D9E00941F69 /* PBXContainerItemProxy */ = {
			isa = PBXContainerItemProxy;
			containerPortal = 84C85AFC1F594D9E00941F69 /* Project object */;
			proxyType = 1;
			remoteGlobalIDString = 84C85B031F594D9E00941F69;
			remoteInfo = Healths;
		};
/* End PBXContainerItemProxy section */

/* Begin PBXFileReference section */
		6FBE97A4BFEF447D0A3919BE /* Pods-Healths.debug.xcconfig */ = {isa = PBXFileReference; includeInIndex = 1; lastKnownFileType = text.xcconfig; name = "Pods-Healths.debug.xcconfig"; path = "Pods/Target Support Files/Pods-Healths/Pods-Healths.debug.xcconfig"; sourceTree = "<group>"; };
		7947BC7D1F5CE52C00D0638C /* MyTableViewCell.h */ = {isa = PBXFileReference; fileEncoding = 4; lastKnownFileType = sourcecode.c.h; path = MyTableViewCell.h; sourceTree = "<group>"; };
		7947BC7E1F5CE52C00D0638C /* MyTableViewCell.m */ = {isa = PBXFileReference; fileEncoding = 4; lastKnownFileType = sourcecode.c.objc; path = MyTableViewCell.m; sourceTree = "<group>"; };
		7947BC8A1F5D339500D0638C /* MyOrderTableViewCell.h */ = {isa = PBXFileReference; fileEncoding = 4; lastKnownFileType = sourcecode.c.h; path = MyOrderTableViewCell.h; sourceTree = "<group>"; };
		7947BC8B1F5D339500D0638C /* MyOrderTableViewCell.m */ = {isa = PBXFileReference; fileEncoding = 4; lastKnownFileType = sourcecode.c.objc; path = MyOrderTableViewCell.m; sourceTree = "<group>"; };
		7947BC8D1F5D36FA00D0638C /* MyPromotionViewController.m */ = {isa = PBXFileReference; fileEncoding = 4; lastKnownFileType = sourcecode.c.objc; path = MyPromotionViewController.m; sourceTree = "<group>"; };
		841F0EAF1F5A86BC000B57B6 /* SetUpTableViewCell.h */ = {isa = PBXFileReference; fileEncoding = 4; lastKnownFileType = sourcecode.c.h; path = SetUpTableViewCell.h; sourceTree = "<group>"; };
		841F0EB01F5A86BC000B57B6 /* SetUpTableViewCell.m */ = {isa = PBXFileReference; fileEncoding = 4; lastKnownFileType = sourcecode.c.objc; path = SetUpTableViewCell.m; sourceTree = "<group>"; };
		841F0EB21F5A8785000B57B6 /* NCViewController.h */ = {isa = PBXFileReference; fileEncoding = 4; lastKnownFileType = sourcecode.c.h; path = NCViewController.h; sourceTree = "<group>"; };
		841F0EB31F5A8785000B57B6 /* NCViewController.m */ = {isa = PBXFileReference; fileEncoding = 4; lastKnownFileType = sourcecode.c.objc; path = NCViewController.m; sourceTree = "<group>"; };
		841F0EB51F5A87AE000B57B6 /* XBViewController.h */ = {isa = PBXFileReference; fileEncoding = 4; lastKnownFileType = sourcecode.c.h; path = XBViewController.h; sourceTree = "<group>"; };
		841F0EB61F5A87AE000B57B6 /* XBViewController.m */ = {isa = PBXFileReference; fileEncoding = 4; lastKnownFileType = sourcecode.c.objc; path = XBViewController.m; sourceTree = "<group>"; };
		841F0EB81F5A87CF000B57B6 /* SRViewController.h */ = {isa = PBXFileReference; fileEncoding = 4; lastKnownFileType = sourcecode.c.h; path = SRViewController.h; sourceTree = "<group>"; };
		841F0EB91F5A87CF000B57B6 /* SRViewController.m */ = {isa = PBXFileReference; fileEncoding = 4; lastKnownFileType = sourcecode.c.objc; path = SRViewController.m; sourceTree = "<group>"; };
		841F0EBB1F5A87E5000B57B6 /* SFZHMViewController.h */ = {isa = PBXFileReference; fileEncoding = 4; lastKnownFileType = sourcecode.c.h; path = SFZHMViewController.h; sourceTree = "<group>"; };
		841F0EBC1F5A87E5000B57B6 /* SFZHMViewController.m */ = {isa = PBXFileReference; fileEncoding = 4; lastKnownFileType = sourcecode.c.objc; path = SFZHMViewController.m; sourceTree = "<group>"; };
		841F0EBE1F5AA786000B57B6 /* UserModel.h */ = {isa = PBXFileReference; fileEncoding = 4; lastKnownFileType = sourcecode.c.h; path = UserModel.h; sourceTree = "<group>"; };
		841F0EBF1F5AA786000B57B6 /* UserModel.m */ = {isa = PBXFileReference; fileEncoding = 4; lastKnownFileType = sourcecode.c.objc; path = UserModel.m; sourceTree = "<group>"; };
		84C85B041F594D9E00941F69 /* Healths.app */ = {isa = PBXFileReference; explicitFileType = wrapper.application; includeInIndex = 0; path = Healths.app; sourceTree = BUILT_PRODUCTS_DIR; };
		84C85B081F594D9E00941F69 /* main.m */ = {isa = PBXFileReference; lastKnownFileType = sourcecode.c.objc; path = main.m; sourceTree = "<group>"; };
		84C85B0A1F594D9E00941F69 /* AppDelegate.h */ = {isa = PBXFileReference; lastKnownFileType = sourcecode.c.h; path = AppDelegate.h; sourceTree = "<group>"; };
		84C85B0B1F594D9E00941F69 /* AppDelegate.m */ = {isa = PBXFileReference; lastKnownFileType = sourcecode.c.objc; path = AppDelegate.m; sourceTree = "<group>"; };
		84C85B141F594D9E00941F69 /* Healths.xcdatamodel */ = {isa = PBXFileReference; lastKnownFileType = wrapper.xcdatamodel; path = Healths.xcdatamodel; sourceTree = "<group>"; };
		84C85B161F594D9E00941F69 /* Assets.xcassets */ = {isa = PBXFileReference; lastKnownFileType = folder.assetcatalog; path = Assets.xcassets; sourceTree = "<group>"; };
		84C85B191F594D9E00941F69 /* Base */ = {isa = PBXFileReference; lastKnownFileType = file.storyboard; name = Base; path = Base.lproj/LaunchScreen.storyboard; sourceTree = "<group>"; };
		84C85B1B1F594D9E00941F69 /* Info.plist */ = {isa = PBXFileReference; lastKnownFileType = text.plist.xml; path = Info.plist; sourceTree = "<group>"; };
		84C85B201F594D9E00941F69 /* HealthsTests.xctest */ = {isa = PBXFileReference; explicitFileType = wrapper.cfbundle; includeInIndex = 0; path = HealthsTests.xctest; sourceTree = BUILT_PRODUCTS_DIR; };
		84C85B241F594D9E00941F69 /* HealthsTests.m */ = {isa = PBXFileReference; lastKnownFileType = sourcecode.c.objc; path = HealthsTests.m; sourceTree = "<group>"; };
		84C85B261F594D9E00941F69 /* Info.plist */ = {isa = PBXFileReference; lastKnownFileType = text.plist.xml; path = Info.plist; sourceTree = "<group>"; };
		84C85B2B1F594D9E00941F69 /* HealthsUITests.xctest */ = {isa = PBXFileReference; explicitFileType = wrapper.cfbundle; includeInIndex = 0; path = HealthsUITests.xctest; sourceTree = BUILT_PRODUCTS_DIR; };
		84C85B2F1F594D9E00941F69 /* HealthsUITests.m */ = {isa = PBXFileReference; lastKnownFileType = sourcecode.c.objc; path = HealthsUITests.m; sourceTree = "<group>"; };
		84C85B311F594D9E00941F69 /* Info.plist */ = {isa = PBXFileReference; lastKnownFileType = text.plist.xml; path = Info.plist; sourceTree = "<group>"; };
		84C85B3F1F5950DB00941F69 /* bitstream.h */ = {isa = PBXFileReference; fileEncoding = 4; lastKnownFileType = sourcecode.c.h; path = bitstream.h; sourceTree = "<group>"; };
		84C85B401F5950DB00941F69 /* bitstream.m */ = {isa = PBXFileReference; fileEncoding = 4; lastKnownFileType = sourcecode.c.objc; path = bitstream.m; sourceTree = "<group>"; };
		84C85B411F5950DB00941F69 /* mask.h */ = {isa = PBXFileReference; fileEncoding = 4; lastKnownFileType = sourcecode.c.h; path = mask.h; sourceTree = "<group>"; };
		84C85B421F5950DB00941F69 /* mask.m */ = {isa = PBXFileReference; fileEncoding = 4; lastKnownFileType = sourcecode.c.objc; path = mask.m; sourceTree = "<group>"; };
		84C85B431F5950DB00941F69 /* qrencode.h */ = {isa = PBXFileReference; fileEncoding = 4; lastKnownFileType = sourcecode.c.h; path = qrencode.h; sourceTree = "<group>"; };
		84C85B441F5950DB00941F69 /* qrencode.m */ = {isa = PBXFileReference; fileEncoding = 4; lastKnownFileType = sourcecode.c.objc; path = qrencode.m; sourceTree = "<group>"; };
		84C85B451F5950DB00941F69 /* qrinput.h */ = {isa = PBXFileReference; fileEncoding = 4; lastKnownFileType = sourcecode.c.h; path = qrinput.h; sourceTree = "<group>"; };
		84C85B461F5950DB00941F69 /* qrinput.m */ = {isa = PBXFileReference; fileEncoding = 4; lastKnownFileType = sourcecode.c.objc; path = qrinput.m; sourceTree = "<group>"; };
		84C85B471F5950DB00941F69 /* qrspec.h */ = {isa = PBXFileReference; fileEncoding = 4; lastKnownFileType = sourcecode.c.h; path = qrspec.h; sourceTree = "<group>"; };
		84C85B481F5950DB00941F69 /* qrspec.m */ = {isa = PBXFileReference; fileEncoding = 4; lastKnownFileType = sourcecode.c.objc; path = qrspec.m; sourceTree = "<group>"; };
		84C85B491F5950DB00941F69 /* rscode.h */ = {isa = PBXFileReference; fileEncoding = 4; lastKnownFileType = sourcecode.c.h; path = rscode.h; sourceTree = "<group>"; };
		84C85B4A1F5950DB00941F69 /* rscode.m */ = {isa = PBXFileReference; fileEncoding = 4; lastKnownFileType = sourcecode.c.objc; path = rscode.m; sourceTree = "<group>"; };
		84C85B4B1F5950DB00941F69 /* split.h */ = {isa = PBXFileReference; fileEncoding = 4; lastKnownFileType = sourcecode.c.h; path = split.h; sourceTree = "<group>"; };
		84C85B4C1F5950DB00941F69 /* split.m */ = {isa = PBXFileReference; fileEncoding = 4; lastKnownFileType = sourcecode.c.objc; path = split.m; sourceTree = "<group>"; };
		84C85B4E1F5950DB00941F69 /* BasicEncodingRules.h */ = {isa = PBXFileReference; fileEncoding = 4; lastKnownFileType = sourcecode.c.h; path = BasicEncodingRules.h; sourceTree = "<group>"; };
		84C85B4F1F5950DB00941F69 /* BasicEncodingRules.m */ = {isa = PBXFileReference; fileEncoding = 4; lastKnownFileType = sourcecode.c.objc; path = BasicEncodingRules.m; sourceTree = "<group>"; };
		84C85B591F5950E900941F69 /* GBAlipayConfig.h */ = {isa = PBXFileReference; fileEncoding = 4; lastKnownFileType = sourcecode.c.h; path = GBAlipayConfig.h; sourceTree = "<group>"; };
		84C85B5A1F5950E900941F69 /* GBAlipayManager.h */ = {isa = PBXFileReference; fileEncoding = 4; lastKnownFileType = sourcecode.c.h; path = GBAlipayManager.h; sourceTree = "<group>"; };
		84C85B5B1F5950E900941F69 /* GBAlipayManager.m */ = {isa = PBXFileReference; fileEncoding = 4; lastKnownFileType = sourcecode.c.objc; path = GBAlipayManager.m; sourceTree = "<group>"; };
		84C85B5D1F5950E900941F69 /* base64.h */ = {isa = PBXFileReference; fileEncoding = 4; lastKnownFileType = sourcecode.c.h; path = base64.h; sourceTree = "<group>"; };
		84C85B5E1F5950E900941F69 /* base64.m */ = {isa = PBXFileReference; fileEncoding = 4; lastKnownFileType = sourcecode.c.objc; path = base64.m; sourceTree = "<group>"; };
		84C85B5F1F5950E900941F69 /* config.h */ = {isa = PBXFileReference; fileEncoding = 4; lastKnownFileType = sourcecode.c.h; path = config.h; sourceTree = "<group>"; };
		84C85B601F5950E900941F69 /* DataSigner.h */ = {isa = PBXFileReference; fileEncoding = 4; lastKnownFileType = sourcecode.c.h; path = DataSigner.h; sourceTree = "<group>"; };
		84C85B611F5950E900941F69 /* DataSigner.m */ = {isa = PBXFileReference; fileEncoding = 4; lastKnownFileType = sourcecode.c.objc; path = DataSigner.m; sourceTree = "<group>"; };
		84C85B621F5950E900941F69 /* DataVerifier.h */ = {isa = PBXFileReference; fileEncoding = 4; lastKnownFileType = sourcecode.c.h; path = DataVerifier.h; sourceTree = "<group>"; };
		84C85B631F5950E900941F69 /* DataVerifier.m */ = {isa = PBXFileReference; fileEncoding = 4; lastKnownFileType = sourcecode.c.objc; path = DataVerifier.m; sourceTree = "<group>"; };
		84C85B641F5950E900941F69 /* MD5DataSigner.h */ = {isa = PBXFileReference; fileEncoding = 4; lastKnownFileType = sourcecode.c.h; path = MD5DataSigner.h; sourceTree = "<group>"; };
		84C85B651F5950E900941F69 /* MD5DataSigner.m */ = {isa = PBXFileReference; fileEncoding = 4; lastKnownFileType = sourcecode.c.objc; path = MD5DataSigner.m; sourceTree = "<group>"; };
		84C85B661F5950E900941F69 /* NSDataEx.h */ = {isa = PBXFileReference; fileEncoding = 4; lastKnownFileType = sourcecode.c.h; path = NSDataEx.h; sourceTree = "<group>"; };
		84C85B671F5950E900941F69 /* NSDataEx.m */ = {isa = PBXFileReference; fileEncoding = 4; lastKnownFileType = sourcecode.c.objc; path = NSDataEx.m; sourceTree = "<group>"; };
		84C85B681F5950E900941F69 /* openssl_wrapper.h */ = {isa = PBXFileReference; fileEncoding = 4; lastKnownFileType = sourcecode.c.h; path = openssl_wrapper.h; sourceTree = "<group>"; };
		84C85B691F5950E900941F69 /* openssl_wrapper.m */ = {isa = PBXFileReference; fileEncoding = 4; lastKnownFileType = sourcecode.c.objc; path = openssl_wrapper.m; sourceTree = "<group>"; };
		84C85B6A1F5950E900941F69 /* RSADataSigner.h */ = {isa = PBXFileReference; fileEncoding = 4; lastKnownFileType = sourcecode.c.h; path = RSADataSigner.h; sourceTree = "<group>"; };
		84C85B6B1F5950E900941F69 /* RSADataSigner.m */ = {isa = PBXFileReference; fileEncoding = 4; lastKnownFileType = sourcecode.c.objc; path = RSADataSigner.m; sourceTree = "<group>"; };
		84C85B6C1F5950E900941F69 /* RSADataVerifier.h */ = {isa = PBXFileReference; fileEncoding = 4; lastKnownFileType = sourcecode.c.h; path = RSADataVerifier.h; sourceTree = "<group>"; };
		84C85B6D1F5950E900941F69 /* RSADataVerifier.m */ = {isa = PBXFileReference; fileEncoding = 4; lastKnownFileType = sourcecode.c.objc; path = RSADataVerifier.m; sourceTree = "<group>"; };
		84C85B781F5950F400941F69 /* Constants.h */ = {isa = PBXFileReference; fileEncoding = 4; lastKnownFileType = sourcecode.c.h; path = Constants.h; sourceTree = "<group>"; };
		84C85B7A1F5950FA00941F69 /* AboutUsViewController.h */ = {isa = PBXFileReference; fileEncoding = 4; lastKnownFileType = sourcecode.c.h; path = AboutUsViewController.h; sourceTree = "<group>"; };
		84C85B7B1F5950FA00941F69 /* AboutUsViewController.m */ = {isa = PBXFileReference; fileEncoding = 4; lastKnownFileType = sourcecode.c.objc; path = AboutUsViewController.m; sourceTree = "<group>"; };
		84C85B7C1F5950FA00941F69 /* ClubDetailViewController.h */ = {isa = PBXFileReference; fileEncoding = 4; lastKnownFileType = sourcecode.c.h; path = ClubDetailViewController.h; sourceTree = "<group>"; };
		84C85B7D1F5950FA00941F69 /* ClubDetailViewController.m */ = {isa = PBXFileReference; fileEncoding = 4; lastKnownFileType = sourcecode.c.objc; path = ClubDetailViewController.m; sourceTree = "<group>"; };
		84C85B7E1F5950FA00941F69 /* FeedbackViewController.h */ = {isa = PBXFileReference; fileEncoding = 4; lastKnownFileType = sourcecode.c.h; path = FeedbackViewController.h; sourceTree = "<group>"; };
		84C85B7F1F5950FA00941F69 /* FeedbackViewController.m */ = {isa = PBXFileReference; fileEncoding = 4; lastKnownFileType = sourcecode.c.objc; path = FeedbackViewController.m; sourceTree = "<group>"; };
		84C85B801F5950FA00941F69 /* FindViewController.h */ = {isa = PBXFileReference; fileEncoding = 4; lastKnownFileType = sourcecode.c.h; path = FindViewController.h; sourceTree = "<group>"; };
		84C85B811F5950FA00941F69 /* FindViewController.m */ = {isa = PBXFileReference; fileEncoding = 4; lastKnownFileType = sourcecode.c.objc; path = FindViewController.m; sourceTree = "<group>"; };
		84C85B821F5950FA00941F69 /* HomeViewController.h */ = {isa = PBXFileReference; fileEncoding = 4; lastKnownFileType = sourcecode.c.h; path = HomeViewController.h; sourceTree = "<group>"; };
		84C85B831F5950FA00941F69 /* HomeViewController.m */ = {isa = PBXFileReference; fileEncoding = 4; lastKnownFileType = sourcecode.c.objc; path = HomeViewController.m; sourceTree = "<group>"; };
		84C85B841F5950FA00941F69 /* IntegralViewController.h */ = {isa = PBXFileReference; fileEncoding = 4; lastKnownFileType = sourcecode.c.h; path = IntegralViewController.h; sourceTree = "<group>"; };
		84C85B851F5950FA00941F69 /* IntegralViewController.m */ = {isa = PBXFileReference; fileEncoding = 4; lastKnownFileType = sourcecode.c.objc; path = IntegralViewController.m; sourceTree = "<group>"; };
		84C85B861F5950FA00941F69 /* MyOrderViewController.h */ = {isa = PBXFileReference; fileEncoding = 4; lastKnownFileType = sourcecode.c.h; path = MyOrderViewController.h; sourceTree = "<group>"; };
		84C85B871F5950FA00941F69 /* MyOrderViewController.m */ = {isa = PBXFileReference; fileEncoding = 4; lastKnownFileType = sourcecode.c.objc; path = MyOrderViewController.m; sourceTree = "<group>"; };
		84C85B881F5950FA00941F69 /* MyPromotionViewController.h */ = {isa = PBXFileReference; fileEncoding = 4; lastKnownFileType = sourcecode.c.h; path = MyPromotionViewController.h; sourceTree = "<group>"; };
		84C85B8A1F5950FA00941F69 /* MyViewController.h */ = {isa = PBXFileReference; fileEncoding = 4; lastKnownFileType = sourcecode.c.h; path = MyViewController.h; sourceTree = "<group>"; };
		84C85B8B1F5950FA00941F69 /* MyViewController.m */ = {isa = PBXFileReference; fileEncoding = 4; lastKnownFileType = sourcecode.c.objc; path = MyViewController.m; sourceTree = "<group>"; };
		84C85B8C1F5950FA00941F69 /* PayViewController.h */ = {isa = PBXFileReference; fileEncoding = 4; lastKnownFileType = sourcecode.c.h; path = PayViewController.h; sourceTree = "<group>"; };
		84C85B8D1F5950FA00941F69 /* PayViewController.m */ = {isa = PBXFileReference; fileEncoding = 4; lastKnownFileType = sourcecode.c.objc; path = PayViewController.m; sourceTree = "<group>"; };
		84C85B8E1F5950FA00941F69 /* SecuritiesDetailViewController.h */ = {isa = PBXFileReference; fileEncoding = 4; lastKnownFileType = sourcecode.c.h; path = SecuritiesDetailViewController.h; sourceTree = "<group>"; };
		84C85B8F1F5950FA00941F69 /* SecuritiesDetailViewController.m */ = {isa = PBXFileReference; fileEncoding = 4; lastKnownFileType = sourcecode.c.objc; path = SecuritiesDetailViewController.m; sourceTree = "<group>"; };
		84C85B901F5950FA00941F69 /* SetUpViewController.h */ = {isa = PBXFileReference; fileEncoding = 4; lastKnownFileType = sourcecode.c.h; path = SetUpViewController.h; sourceTree = "<group>"; };
		84C85B911F5950FA00941F69 /* SetUpViewController.m */ = {isa = PBXFileReference; fileEncoding = 4; lastKnownFileType = sourcecode.c.objc; path = SetUpViewController.m; sourceTree = "<group>"; };
		84C85B921F5950FA00941F69 /* SignInViewController.h */ = {isa = PBXFileReference; fileEncoding = 4; lastKnownFileType = sourcecode.c.h; path = SignInViewController.h; sourceTree = "<group>"; };
		84C85B931F5950FA00941F69 /* SignInViewController.m */ = {isa = PBXFileReference; fileEncoding = 4; lastKnownFileType = sourcecode.c.objc; path = SignInViewController.m; sourceTree = "<group>"; };
		84C85B941F5950FA00941F69 /* SignUpViewController.h */ = {isa = PBXFileReference; fileEncoding = 4; lastKnownFileType = sourcecode.c.h; path = SignUpViewController.h; sourceTree = "<group>"; };
		84C85B951F5950FA00941F69 /* SignUpViewController.m */ = {isa = PBXFileReference; fileEncoding = 4; lastKnownFileType = sourcecode.c.objc; path = SignUpViewController.m; sourceTree = "<group>"; };
		84C85BA81F59511800941F69 /* Order.h */ = {isa = PBXFileReference; fileEncoding = 4; lastKnownFileType = sourcecode.c.h; path = Order.h; sourceTree = "<group>"; };
		84C85BA91F59511800941F69 /* Order.m */ = {isa = PBXFileReference; fileEncoding = 4; lastKnownFileType = sourcecode.c.objc; path = Order.m; sourceTree = "<group>"; };
		84C85BAB1F59511800941F69 /* AppAPIClient.h */ = {isa = PBXFileReference; fileEncoding = 4; lastKnownFileType = sourcecode.c.h; path = AppAPIClient.h; sourceTree = "<group>"; };
		84C85BAC1F59511800941F69 /* AppAPIClient.m */ = {isa = PBXFileReference; fileEncoding = 4; lastKnownFileType = sourcecode.c.objc; path = AppAPIClient.m; sourceTree = "<group>"; };
		84C85BAD1F59511800941F69 /* ErrorHandler.h */ = {isa = PBXFileReference; fileEncoding = 4; lastKnownFileType = sourcecode.c.h; path = ErrorHandler.h; sourceTree = "<group>"; };
		84C85BAE1F59511800941F69 /* ErrorHandler.m */ = {isa = PBXFileReference; fileEncoding = 4; lastKnownFileType = sourcecode.c.objc; path = ErrorHandler.m; sourceTree = "<group>"; };
		84C85BAF1F59511800941F69 /* JSONS.h */ = {isa = PBXFileReference; fileEncoding = 4; lastKnownFileType = sourcecode.c.h; path = JSONS.h; sourceTree = "<group>"; };
		84C85BB01F59511800941F69 /* JSONS.m */ = {isa = PBXFileReference; fileEncoding = 4; lastKnownFileType = sourcecode.c.objc; path = JSONS.m; sourceTree = "<group>"; };
		84C85BB11F59511800941F69 /* NSData+Base64.h */ = {isa = PBXFileReference; fileEncoding = 4; lastKnownFileType = sourcecode.c.h; path = "NSData+Base64.h"; sourceTree = "<group>"; };
		84C85BB21F59511800941F69 /* NSData+Base64.m */ = {isa = PBXFileReference; fileEncoding = 4; lastKnownFileType = sourcecode.c.objc; path = "NSData+Base64.m"; sourceTree = "<group>"; };
		84C85BB31F59511800941F69 /* NSString+Crypt.h */ = {isa = PBXFileReference; fileEncoding = 4; lastKnownFileType = sourcecode.c.h; path = "NSString+Crypt.h"; sourceTree = "<group>"; };
		84C85BB41F59511800941F69 /* NSString+Crypt.m */ = {isa = PBXFileReference; fileEncoding = 4; lastKnownFileType = sourcecode.c.objc; path = "NSString+Crypt.m"; sourceTree = "<group>"; };
		84C85BB51F59511800941F69 /* RequestAPI.h */ = {isa = PBXFileReference; fileEncoding = 4; lastKnownFileType = sourcecode.c.h; path = RequestAPI.h; sourceTree = "<group>"; };
		84C85BB61F59511800941F69 /* RequestAPI.m */ = {isa = PBXFileReference; fileEncoding = 4; lastKnownFileType = sourcecode.c.objc; path = RequestAPI.m; sourceTree = "<group>"; };
		84C85BB71F59511800941F69 /* StorageMgr.h */ = {isa = PBXFileReference; fileEncoding = 4; lastKnownFileType = sourcecode.c.h; path = StorageMgr.h; sourceTree = "<group>"; };
		84C85BB81F59511800941F69 /* StorageMgr.m */ = {isa = PBXFileReference; fileEncoding = 4; lastKnownFileType = sourcecode.c.objc; path = StorageMgr.m; sourceTree = "<group>"; };
		84C85BB91F59511800941F69 /* UIImage+MDQRCode.h */ = {isa = PBXFileReference; fileEncoding = 4; lastKnownFileType = sourcecode.c.h; path = "UIImage+MDQRCode.h"; sourceTree = "<group>"; };
		84C85BBA1F59511800941F69 /* UIImage+MDQRCode.m */ = {isa = PBXFileReference; fileEncoding = 4; lastKnownFileType = sourcecode.c.objc; path = "UIImage+MDQRCode.m"; sourceTree = "<group>"; };
		84C85BBB1F59511800941F69 /* Utilities.h */ = {isa = PBXFileReference; fileEncoding = 4; lastKnownFileType = sourcecode.c.h; path = Utilities.h; sourceTree = "<group>"; };
		84C85BBC1F59511800941F69 /* Utilities.m */ = {isa = PBXFileReference; fileEncoding = 4; lastKnownFileType = sourcecode.c.objc; path = Utilities.m; sourceTree = "<group>"; };
		84C85BC71F5951F000941F69 /* AlipaySDK.framework */ = {isa = PBXFileReference; lastKnownFileType = wrapper.framework; name = AlipaySDK.framework; path = Healths/Alipay/AlipaySDK.framework; sourceTree = "<group>"; };
		84C85BC81F5951F000941F69 /* Openssl.framework */ = {isa = PBXFileReference; lastKnownFileType = wrapper.framework; name = Openssl.framework; path = Healths/Alipay/Openssl.framework; sourceTree = "<group>"; };
		84C85BC91F5951F000941F69 /* AlipaySDK.bundle */ = {isa = PBXFileReference; lastKnownFileType = "wrapper.plug-in"; name = AlipaySDK.bundle; path = Healths/Alipay/AlipaySDK.bundle; sourceTree = "<group>"; };
		84C85BCA1F5951F000941F69 /* libcrypto.a */ = {isa = PBXFileReference; lastKnownFileType = archive.ar; name = libcrypto.a; path = Healths/Alipay/libcrypto.a; sourceTree = "<group>"; };
		84C85BCB1F5951F000941F69 /* libssl.a */ = {isa = PBXFileReference; lastKnownFileType = archive.ar; name = libssl.a; path = Healths/Alipay/libssl.a; sourceTree = "<group>"; };
		84C85BD11F59522F00941F69 /* CoreTelephony.framework */ = {isa = PBXFileReference; lastKnownFileType = wrapper.framework; name = CoreTelephony.framework; path = System/Library/Frameworks/CoreTelephony.framework; sourceTree = SDKROOT; };
		84C85BD31F59523B00941F69 /* CoreMotion.framework */ = {isa = PBXFileReference; lastKnownFileType = wrapper.framework; name = CoreMotion.framework; path = System/Library/Frameworks/CoreMotion.framework; sourceTree = SDKROOT; };
		84C85BD51F59524D00941F69 /* libz.tbd */ = {isa = PBXFileReference; lastKnownFileType = "sourcecode.text-based-dylib-definition"; name = libz.tbd; path = usr/lib/libz.tbd; sourceTree = SDKROOT; };
		84C85BD71F59536500941F69 /* PrefixHeader.pch */ = {isa = PBXFileReference; lastKnownFileType = sourcecode.c.h; path = PrefixHeader.pch; sourceTree = "<group>"; };
		84C85BD81F59546B00941F69 /* libstdc++.tbd */ = {isa = PBXFileReference; lastKnownFileType = "sourcecode.text-based-dylib-definition"; name = "libstdc++.tbd"; path = "usr/lib/libstdc++.tbd"; sourceTree = SDKROOT; };
		84C85BDB1F5954E100941F69 /* Detail.storyboard */ = {isa = PBXFileReference; fileEncoding = 4; lastKnownFileType = file.storyboard; path = Detail.storyboard; sourceTree = "<group>"; };
		84C85BDD1F5954E100941F69 /* SetUp.storyboard */ = {isa = PBXFileReference; fileEncoding = 4; lastKnownFileType = file.storyboard; path = SetUp.storyboard; sourceTree = "<group>"; };
		84C85BDE1F5954E100941F69 /* Sign.storyboard */ = {isa = PBXFileReference; fileEncoding = 4; lastKnownFileType = file.storyboard; path = Sign.storyboard; sourceTree = "<group>"; };
		84C85BE51F59573B00941F69 /* Main.storyboard */ = {isa = PBXFileReference; fileEncoding = 4; lastKnownFileType = file.storyboard; path = Main.storyboard; sourceTree = "<group>"; };
		84C85BEF1F5A496000941F69 /* HomeTableViewCell.h */ = {isa = PBXFileReference; fileEncoding = 4; lastKnownFileType = sourcecode.c.h; path = HomeTableViewCell.h; sourceTree = "<group>"; };
		84C85BF01F5A496000941F69 /* HomeTableViewCell.m */ = {isa = PBXFileReference; fileEncoding = 4; lastKnownFileType = sourcecode.c.objc; path = HomeTableViewCell.m; sourceTree = "<group>"; };
		84DE7A8F1F5CE07E00D82DBB /* HomeModel.h */ = {isa = PBXFileReference; fileEncoding = 4; lastKnownFileType = sourcecode.c.h; path = HomeModel.h; sourceTree = "<group>"; };
		84DE7A901F5CE07E00D82DBB /* HomeModel.m */ = {isa = PBXFileReference; fileEncoding = 4; lastKnownFileType = sourcecode.c.objc; path = HomeModel.m; sourceTree = "<group>"; };
		A80F461B059254101490D702 /* libPods-Healths.a */ = {isa = PBXFileReference; explicitFileType = archive.ar; includeInIndex = 0; path = "libPods-Healths.a"; sourceTree = BUILT_PRODUCTS_DIR; };
		C5090B76C3EFACD01F252C81 /* Pods-Healths.release.xcconfig */ = {isa = PBXFileReference; includeInIndex = 1; lastKnownFileType = text.xcconfig; name = "Pods-Healths.release.xcconfig"; path = "Pods/Target Support Files/Pods-Healths/Pods-Healths.release.xcconfig"; sourceTree = "<group>"; };
/* End PBXFileReference section */

/* Begin PBXFrameworksBuildPhase section */
		84C85B011F594D9E00941F69 /* Frameworks */ = {
			isa = PBXFrameworksBuildPhase;
			buildActionMask = 2147483647;
			files = (
				84C85BD91F59546B00941F69 /* libstdc++.tbd in Frameworks */,
				84C85BD61F59524D00941F69 /* libz.tbd in Frameworks */,
				84C85BD41F59523B00941F69 /* CoreMotion.framework in Frameworks */,
				84C85BD21F59522F00941F69 /* CoreTelephony.framework in Frameworks */,
				84C85BCC1F5951F000941F69 /* AlipaySDK.framework in Frameworks */,
				84C85BCD1F5951F000941F69 /* Openssl.framework in Frameworks */,
				84C85BCE1F5951F000941F69 /* AlipaySDK.bundle in Frameworks */,
				84C85BCF1F5951F000941F69 /* libcrypto.a in Frameworks */,
				84C85BD01F5951F000941F69 /* libssl.a in Frameworks */,
				AAA573C955E9683EDA0BA5ED /* libPods-Healths.a in Frameworks */,
			);
			runOnlyForDeploymentPostprocessing = 0;
		};
		84C85B1D1F594D9E00941F69 /* Frameworks */ = {
			isa = PBXFrameworksBuildPhase;
			buildActionMask = 2147483647;
			files = (
			);
			runOnlyForDeploymentPostprocessing = 0;
		};
		84C85B281F594D9E00941F69 /* Frameworks */ = {
			isa = PBXFrameworksBuildPhase;
			buildActionMask = 2147483647;
			files = (
			);
			runOnlyForDeploymentPostprocessing = 0;
		};
/* End PBXFrameworksBuildPhase section */

/* Begin PBXGroup section */
		401606141B82EE035D638BC1 /* Pods */ = {
			isa = PBXGroup;
			children = (
				6FBE97A4BFEF447D0A3919BE /* Pods-Healths.debug.xcconfig */,
				C5090B76C3EFACD01F252C81 /* Pods-Healths.release.xcconfig */,
			);
			name = Pods;
			sourceTree = "<group>";
		};
		76331455D045D6DE557BC82C /* Frameworks */ = {
			isa = PBXGroup;
			children = (
				84C85BD81F59546B00941F69 /* libstdc++.tbd */,
				84C85BD51F59524D00941F69 /* libz.tbd */,
				84C85BD31F59523B00941F69 /* CoreMotion.framework */,
				84C85BD11F59522F00941F69 /* CoreTelephony.framework */,
				84C85BC71F5951F000941F69 /* AlipaySDK.framework */,
				84C85BC81F5951F000941F69 /* Openssl.framework */,
				84C85BC91F5951F000941F69 /* AlipaySDK.bundle */,
				84C85BCA1F5951F000941F69 /* libcrypto.a */,
				84C85BCB1F5951F000941F69 /* libssl.a */,
				A80F461B059254101490D702 /* libPods-Healths.a */,
			);
			name = Frameworks;
			sourceTree = "<group>";
		};
		7947BC7C1F5CE50100D0638C /* MyTableViewCell */ = {
			isa = PBXGroup;
			children = (
				7947BC7D1F5CE52C00D0638C /* MyTableViewCell.h */,
				7947BC7E1F5CE52C00D0638C /* MyTableViewCell.m */,
				7947BC8A1F5D339500D0638C /* MyOrderTableViewCell.h */,
				7947BC8B1F5D339500D0638C /* MyOrderTableViewCell.m */,
			);
			name = MyTableViewCell;
			sourceTree = "<group>";
		};
		84C85AFB1F594D9E00941F69 = {
			isa = PBXGroup;
			children = (
				84C85B061F594D9E00941F69 /* Healths */,
				84C85B231F594D9E00941F69 /* HealthsTests */,
				84C85B2E1F594D9E00941F69 /* HealthsUITests */,
				84C85B051F594D9E00941F69 /* Products */,
				401606141B82EE035D638BC1 /* Pods */,
				76331455D045D6DE557BC82C /* Frameworks */,
			);
			sourceTree = "<group>";
		};
		84C85B051F594D9E00941F69 /* Products */ = {
			isa = PBXGroup;
			children = (
				84C85B041F594D9E00941F69 /* Healths.app */,
				84C85B201F594D9E00941F69 /* HealthsTests.xctest */,
				84C85B2B1F594D9E00941F69 /* HealthsUITests.xctest */,
			);
			name = Products;
			sourceTree = "<group>";
		};
		84C85B061F594D9E00941F69 /* Healths */ = {
			isa = PBXGroup;
			children = (
				84C85BDA1F5954E100941F69 /* View */,
				84C85BA71F59511800941F69 /* Model */,
				84C85BAA1F59511800941F69 /* Utility */,
				84C85B791F5950FA00941F69 /* Controller */,
				84C85B771F5950F400941F69 /* Constant */,
				84C85B3D1F5950DB00941F69 /* 3rd */,
				84C85B161F594D9E00941F69 /* Assets.xcassets */,
				84C85B181F594D9E00941F69 /* LaunchScreen.storyboard */,
				84C85B071F594D9E00941F69 /* Supporting Files */,
			);
			path = Healths;
			sourceTree = "<group>";
		};
		84C85B071F594D9E00941F69 /* Supporting Files */ = {
			isa = PBXGroup;
			children = (
				84C85B0A1F594D9E00941F69 /* AppDelegate.h */,
				84C85B0B1F594D9E00941F69 /* AppDelegate.m */,
				84C85BD71F59536500941F69 /* PrefixHeader.pch */,
				84C85B1B1F594D9E00941F69 /* Info.plist */,
				84C85B131F594D9E00941F69 /* Healths.xcdatamodeld */,
				84C85B081F594D9E00941F69 /* main.m */,
			);
			name = "Supporting Files";
			sourceTree = "<group>";
		};
		84C85B231F594D9E00941F69 /* HealthsTests */ = {
			isa = PBXGroup;
			children = (
				84C85B241F594D9E00941F69 /* HealthsTests.m */,
				84C85B261F594D9E00941F69 /* Info.plist */,
			);
			path = HealthsTests;
			sourceTree = "<group>";
		};
		84C85B2E1F594D9E00941F69 /* HealthsUITests */ = {
			isa = PBXGroup;
			children = (
				84C85B2F1F594D9E00941F69 /* HealthsUITests.m */,
				84C85B311F594D9E00941F69 /* Info.plist */,
			);
			path = HealthsUITests;
			sourceTree = "<group>";
		};
		84C85B3D1F5950DB00941F69 /* 3rd */ = {
			isa = PBXGroup;
			children = (
				84C85B3E1F5950DB00941F69 /* MDQREncode */,
				84C85B4D1F5950DB00941F69 /* SCZBasicEncodingRules */,
			);
			path = 3rd;
			sourceTree = "<group>";
		};
		84C85B3E1F5950DB00941F69 /* MDQREncode */ = {
			isa = PBXGroup;
			children = (
				84C85B3F1F5950DB00941F69 /* bitstream.h */,
				84C85B401F5950DB00941F69 /* bitstream.m */,
				84C85B411F5950DB00941F69 /* mask.h */,
				84C85B421F5950DB00941F69 /* mask.m */,
				84C85B431F5950DB00941F69 /* qrencode.h */,
				84C85B441F5950DB00941F69 /* qrencode.m */,
				84C85B451F5950DB00941F69 /* qrinput.h */,
				84C85B461F5950DB00941F69 /* qrinput.m */,
				84C85B471F5950DB00941F69 /* qrspec.h */,
				84C85B481F5950DB00941F69 /* qrspec.m */,
				84C85B491F5950DB00941F69 /* rscode.h */,
				84C85B4A1F5950DB00941F69 /* rscode.m */,
				84C85B4B1F5950DB00941F69 /* split.h */,
				84C85B4C1F5950DB00941F69 /* split.m */,
			);
			path = MDQREncode;
			sourceTree = "<group>";
		};
		84C85B4D1F5950DB00941F69 /* SCZBasicEncodingRules */ = {
			isa = PBXGroup;
			children = (
				84C85B4E1F5950DB00941F69 /* BasicEncodingRules.h */,
				84C85B4F1F5950DB00941F69 /* BasicEncodingRules.m */,
			);
			path = SCZBasicEncodingRules;
			sourceTree = "<group>";
		};
		84C85B581F5950E900941F69 /* AliMgr */ = {
			isa = PBXGroup;
			children = (
				84C85B591F5950E900941F69 /* GBAlipayConfig.h */,
				84C85B5A1F5950E900941F69 /* GBAlipayManager.h */,
				84C85B5B1F5950E900941F69 /* GBAlipayManager.m */,
			);
			name = AliMgr;
			path = ../Alipay/AliMgr;
			sourceTree = "<group>";
		};
		84C85B5C1F5950E900941F69 /* AliUtil */ = {
			isa = PBXGroup;
			children = (
				84C85B5D1F5950E900941F69 /* base64.h */,
				84C85B5E1F5950E900941F69 /* base64.m */,
				84C85B5F1F5950E900941F69 /* config.h */,
				84C85B601F5950E900941F69 /* DataSigner.h */,
				84C85B611F5950E900941F69 /* DataSigner.m */,
				84C85B621F5950E900941F69 /* DataVerifier.h */,
				84C85B631F5950E900941F69 /* DataVerifier.m */,
				84C85B641F5950E900941F69 /* MD5DataSigner.h */,
				84C85B651F5950E900941F69 /* MD5DataSigner.m */,
				84C85B661F5950E900941F69 /* NSDataEx.h */,
				84C85B671F5950E900941F69 /* NSDataEx.m */,
				84C85B681F5950E900941F69 /* openssl_wrapper.h */,
				84C85B691F5950E900941F69 /* openssl_wrapper.m */,
				84C85B6A1F5950E900941F69 /* RSADataSigner.h */,
				84C85B6B1F5950E900941F69 /* RSADataSigner.m */,
				84C85B6C1F5950E900941F69 /* RSADataVerifier.h */,
				84C85B6D1F5950E900941F69 /* RSADataVerifier.m */,
			);
			name = AliUtil;
			path = ../Alipay/AliUtil;
			sourceTree = "<group>";
		};
		84C85B771F5950F400941F69 /* Constant */ = {
			isa = PBXGroup;
			children = (
				84C85B781F5950F400941F69 /* Constants.h */,
			);
			path = Constant;
			sourceTree = "<group>";
		};
		84C85B791F5950FA00941F69 /* Controller */ = {
			isa = PBXGroup;
			children = (
				84C85BEC1F5957EA00941F69 /* Detail */,
				84C85BEA1F5957B400941F69 /* Sign */,
				84C85BE81F59578100941F69 /* Find */,
				84C85BE71F59576500941F69 /* Home  */,
				84C85BE91F59579200941F69 /* My */,
			);
			path = Controller;
			sourceTree = "<group>";
		};
		84C85BA71F59511800941F69 /* Model */ = {
			isa = PBXGroup;
			children = (
				84C85BA81F59511800941F69 /* Order.h */,
				84C85BA91F59511800941F69 /* Order.m */,
				841F0EBE1F5AA786000B57B6 /* UserModel.h */,
				841F0EBF1F5AA786000B57B6 /* UserModel.m */,
				84DE7A8F1F5CE07E00D82DBB /* HomeModel.h */,
				84DE7A901F5CE07E00D82DBB /* HomeModel.m */,
			);
			path = Model;
			sourceTree = "<group>";
		};
		84C85BAA1F59511800941F69 /* Utility */ = {
			isa = PBXGroup;
			children = (
				84C85B581F5950E900941F69 /* AliMgr */,
				84C85B5C1F5950E900941F69 /* AliUtil */,
				84C85BAB1F59511800941F69 /* AppAPIClient.h */,
				84C85BAC1F59511800941F69 /* AppAPIClient.m */,
				84C85BAD1F59511800941F69 /* ErrorHandler.h */,
				84C85BAE1F59511800941F69 /* ErrorHandler.m */,
				84C85BAF1F59511800941F69 /* JSONS.h */,
				84C85BB01F59511800941F69 /* JSONS.m */,
				84C85BB11F59511800941F69 /* NSData+Base64.h */,
				84C85BB21F59511800941F69 /* NSData+Base64.m */,
				84C85BB31F59511800941F69 /* NSString+Crypt.h */,
				84C85BB41F59511800941F69 /* NSString+Crypt.m */,
				84C85BB51F59511800941F69 /* RequestAPI.h */,
				84C85BB61F59511800941F69 /* RequestAPI.m */,
				84C85BB71F59511800941F69 /* StorageMgr.h */,
				84C85BB81F59511800941F69 /* StorageMgr.m */,
				84C85BB91F59511800941F69 /* UIImage+MDQRCode.h */,
				84C85BBA1F59511800941F69 /* UIImage+MDQRCode.m */,
				84C85BBB1F59511800941F69 /* Utilities.h */,
				84C85BBC1F59511800941F69 /* Utilities.m */,
			);
			path = Utility;
			sourceTree = "<group>";
		};
		84C85BDA1F5954E100941F69 /* View */ = {
			isa = PBXGroup;
			children = (
				7947BC7C1F5CE50100D0638C /* MyTableViewCell */,
				84C85BEE1F5A491C00941F69 /* HomeCell */,
				84C85BDB1F5954E100941F69 /* Detail.storyboard */,
				84C85BDD1F5954E100941F69 /* SetUp.storyboard */,
				84C85BDE1F5954E100941F69 /* Sign.storyboard */,
				84C85BE51F59573B00941F69 /* Main.storyboard */,
			);
			path = View;
			sourceTree = "<group>";
		};
		84C85BE71F59576500941F69 /* Home  */ = {
			isa = PBXGroup;
			children = (
				84C85B821F5950FA00941F69 /* HomeViewController.h */,
				84C85B831F5950FA00941F69 /* HomeViewController.m */,
			);
			name = "Home ";
			sourceTree = "<group>";
		};
		84C85BE81F59578100941F69 /* Find */ = {
			isa = PBXGroup;
			children = (
				84C85B801F5950FA00941F69 /* FindViewController.h */,
				84C85B811F5950FA00941F69 /* FindViewController.m */,
			);
			name = Find;
			sourceTree = "<group>";
		};
		84C85BE91F59579200941F69 /* My */ = {
			isa = PBXGroup;
			children = (
				84C85B7A1F5950FA00941F69 /* AboutUsViewController.h */,
				84C85B7B1F5950FA00941F69 /* AboutUsViewController.m */,
				84C85B7E1F5950FA00941F69 /* FeedbackViewController.h */,
				84C85B7F1F5950FA00941F69 /* FeedbackViewController.m */,
				84C85B841F5950FA00941F69 /* IntegralViewController.h */,
				84C85B851F5950FA00941F69 /* IntegralViewController.m */,
				84C85B861F5950FA00941F69 /* MyOrderViewController.h */,
				84C85B871F5950FA00941F69 /* MyOrderViewController.m */,
				84C85B881F5950FA00941F69 /* MyPromotionViewController.h */,
				7947BC8D1F5D36FA00D0638C /* MyPromotionViewController.m */,
				84C85B8A1F5950FA00941F69 /* MyViewController.h */,
				84C85B8B1F5950FA00941F69 /* MyViewController.m */,
			);
			name = My;
			sourceTree = "<group>";
		};
		84C85BEA1F5957B400941F69 /* Sign */ = {
			isa = PBXGroup;
			children = (
				84C85B901F5950FA00941F69 /* SetUpViewController.h */,
				84C85B911F5950FA00941F69 /* SetUpViewController.m */,
				841F0EAF1F5A86BC000B57B6 /* SetUpTableViewCell.h */,
				841F0EB01F5A86BC000B57B6 /* SetUpTableViewCell.m */,
				841F0EB21F5A8785000B57B6 /* NCViewController.h */,
				841F0EB31F5A8785000B57B6 /* NCViewController.m */,
				841F0EB51F5A87AE000B57B6 /* XBViewController.h */,
				841F0EB61F5A87AE000B57B6 /* XBViewController.m */,
				841F0EB81F5A87CF000B57B6 /* SRViewController.h */,
				841F0EB91F5A87CF000B57B6 /* SRViewController.m */,
				841F0EBB1F5A87E5000B57B6 /* SFZHMViewController.h */,
				841F0EBC1F5A87E5000B57B6 /* SFZHMViewController.m */,
				84C85B921F5950FA00941F69 /* SignInViewController.h */,
				84C85B931F5950FA00941F69 /* SignInViewController.m */,
				84C85B941F5950FA00941F69 /* SignUpViewController.h */,
				84C85B951F5950FA00941F69 /* SignUpViewController.m */,
			);
			name = Sign;
			sourceTree = "<group>";
		};
		84C85BEC1F5957EA00941F69 /* Detail */ = {
			isa = PBXGroup;
			children = (
				84C85B7C1F5950FA00941F69 /* ClubDetailViewController.h */,
				84C85B7D1F5950FA00941F69 /* ClubDetailViewController.m */,
				84C85B8C1F5950FA00941F69 /* PayViewController.h */,
				84C85B8D1F5950FA00941F69 /* PayViewController.m */,
				84C85B8E1F5950FA00941F69 /* SecuritiesDetailViewController.h */,
				84C85B8F1F5950FA00941F69 /* SecuritiesDetailViewController.m */,
			);
			name = Detail;
			sourceTree = "<group>";
		};
		84C85BEE1F5A491C00941F69 /* HomeCell */ = {
			isa = PBXGroup;
			children = (
				84C85BEF1F5A496000941F69 /* HomeTableViewCell.h */,
				84C85BF01F5A496000941F69 /* HomeTableViewCell.m */,
			);
			name = HomeCell;
			sourceTree = "<group>";
		};
/* End PBXGroup section */

/* Begin PBXNativeTarget section */
		84C85B031F594D9E00941F69 /* Healths */ = {
			isa = PBXNativeTarget;
			buildConfigurationList = 84C85B341F594D9E00941F69 /* Build configuration list for PBXNativeTarget "Healths" */;
			buildPhases = (
				94F9E24D93BC488811BB9FFC /* [CP] Check Pods Manifest.lock */,
				84C85B001F594D9E00941F69 /* Sources */,
				84C85B011F594D9E00941F69 /* Frameworks */,
				84C85B021F594D9E00941F69 /* Resources */,
				46798DFB317BC59DB7386341 /* [CP] Embed Pods Frameworks */,
				5F7751D47AF197F93464FA65 /* [CP] Copy Pods Resources */,
			);
			buildRules = (
			);
			dependencies = (
			);
			name = Healths;
			productName = Healths;
			productReference = 84C85B041F594D9E00941F69 /* Healths.app */;
			productType = "com.apple.product-type.application";
		};
		84C85B1F1F594D9E00941F69 /* HealthsTests */ = {
			isa = PBXNativeTarget;
			buildConfigurationList = 84C85B371F594D9E00941F69 /* Build configuration list for PBXNativeTarget "HealthsTests" */;
			buildPhases = (
				84C85B1C1F594D9E00941F69 /* Sources */,
				84C85B1D1F594D9E00941F69 /* Frameworks */,
				84C85B1E1F594D9E00941F69 /* Resources */,
			);
			buildRules = (
			);
			dependencies = (
				84C85B221F594D9E00941F69 /* PBXTargetDependency */,
			);
			name = HealthsTests;
			productName = HealthsTests;
			productReference = 84C85B201F594D9E00941F69 /* HealthsTests.xctest */;
			productType = "com.apple.product-type.bundle.unit-test";
		};
		84C85B2A1F594D9E00941F69 /* HealthsUITests */ = {
			isa = PBXNativeTarget;
			buildConfigurationList = 84C85B3A1F594D9E00941F69 /* Build configuration list for PBXNativeTarget "HealthsUITests" */;
			buildPhases = (
				84C85B271F594D9E00941F69 /* Sources */,
				84C85B281F594D9E00941F69 /* Frameworks */,
				84C85B291F594D9E00941F69 /* Resources */,
			);
			buildRules = (
			);
			dependencies = (
				84C85B2D1F594D9E00941F69 /* PBXTargetDependency */,
			);
			name = HealthsUITests;
			productName = HealthsUITests;
			productReference = 84C85B2B1F594D9E00941F69 /* HealthsUITests.xctest */;
			productType = "com.apple.product-type.bundle.ui-testing";
		};
/* End PBXNativeTarget section */

/* Begin PBXProject section */
		84C85AFC1F594D9E00941F69 /* Project object */ = {
			isa = PBXProject;
			attributes = {
				LastUpgradeCheck = 0830;
				ORGANIZATIONNAME = com;
				TargetAttributes = {
					84C85B031F594D9E00941F69 = {
						CreatedOnToolsVersion = 8.3.3;
						ProvisioningStyle = Automatic;
					};
					84C85B1F1F594D9E00941F69 = {
						CreatedOnToolsVersion = 8.3.3;
						ProvisioningStyle = Automatic;
						TestTargetID = 84C85B031F594D9E00941F69;
					};
					84C85B2A1F594D9E00941F69 = {
						CreatedOnToolsVersion = 8.3.3;
						ProvisioningStyle = Automatic;
						TestTargetID = 84C85B031F594D9E00941F69;
					};
				};
			};
			buildConfigurationList = 84C85AFF1F594D9E00941F69 /* Build configuration list for PBXProject "Healths" */;
			compatibilityVersion = "Xcode 3.2";
			developmentRegion = English;
			hasScannedForEncodings = 0;
			knownRegions = (
				en,
				Base,
			);
			mainGroup = 84C85AFB1F594D9E00941F69;
			productRefGroup = 84C85B051F594D9E00941F69 /* Products */;
			projectDirPath = "";
			projectRoot = "";
			targets = (
				84C85B031F594D9E00941F69 /* Healths */,
				84C85B1F1F594D9E00941F69 /* HealthsTests */,
				84C85B2A1F594D9E00941F69 /* HealthsUITests */,
			);
		};
/* End PBXProject section */

/* Begin PBXResourcesBuildPhase section */
		84C85B021F594D9E00941F69 /* Resources */ = {
			isa = PBXResourcesBuildPhase;
			buildActionMask = 2147483647;
			files = (
				84C85BE61F59573B00941F69 /* Main.storyboard in Resources */,
				84C85B1A1F594D9E00941F69 /* LaunchScreen.storyboard in Resources */,
				84C85BE21F5954E100941F69 /* Sign.storyboard in Resources */,
				84C85BE11F5954E100941F69 /* SetUp.storyboard in Resources */,
				84C85B171F594D9E00941F69 /* Assets.xcassets in Resources */,
				84C85BDF1F5954E100941F69 /* Detail.storyboard in Resources */,
			);
			runOnlyForDeploymentPostprocessing = 0;
		};
		84C85B1E1F594D9E00941F69 /* Resources */ = {
			isa = PBXResourcesBuildPhase;
			buildActionMask = 2147483647;
			files = (
			);
			runOnlyForDeploymentPostprocessing = 0;
		};
		84C85B291F594D9E00941F69 /* Resources */ = {
			isa = PBXResourcesBuildPhase;
			buildActionMask = 2147483647;
			files = (
			);
			runOnlyForDeploymentPostprocessing = 0;
		};
/* End PBXResourcesBuildPhase section */

/* Begin PBXShellScriptBuildPhase section */
		46798DFB317BC59DB7386341 /* [CP] Embed Pods Frameworks */ = {
			isa = PBXShellScriptBuildPhase;
			buildActionMask = 2147483647;
			files = (
			);
			inputPaths = (
			);
			name = "[CP] Embed Pods Frameworks";
			outputPaths = (
			);
			runOnlyForDeploymentPostprocessing = 0;
			shellPath = /bin/sh;
			shellScript = "\"${SRCROOT}/Pods/Target Support Files/Pods-Healths/Pods-Healths-frameworks.sh\"\n";
			showEnvVarsInLog = 0;
		};
		5F7751D47AF197F93464FA65 /* [CP] Copy Pods Resources */ = {
			isa = PBXShellScriptBuildPhase;
			buildActionMask = 2147483647;
			files = (
			);
			inputPaths = (
			);
			name = "[CP] Copy Pods Resources";
			outputPaths = (
			);
			runOnlyForDeploymentPostprocessing = 0;
			shellPath = /bin/sh;
			shellScript = "\"${SRCROOT}/Pods/Target Support Files/Pods-Healths/Pods-Healths-resources.sh\"\n";
			showEnvVarsInLog = 0;
		};
		94F9E24D93BC488811BB9FFC /* [CP] Check Pods Manifest.lock */ = {
			isa = PBXShellScriptBuildPhase;
			buildActionMask = 2147483647;
			files = (
			);
			inputPaths = (
			);
			name = "[CP] Check Pods Manifest.lock";
			outputPaths = (
			);
			runOnlyForDeploymentPostprocessing = 0;
			shellPath = /bin/sh;
			shellScript = "diff \"${PODS_PODFILE_DIR_PATH}/Podfile.lock\" \"${PODS_ROOT}/Manifest.lock\" > /dev/null\nif [ $? != 0 ] ; then\n    # print error to STDERR\n    echo \"error: The sandbox is not in sync with the Podfile.lock. Run 'pod install' or update your CocoaPods installation.\" >&2\n    exit 1\nfi\n";
			showEnvVarsInLog = 0;
		};
/* End PBXShellScriptBuildPhase section */

/* Begin PBXSourcesBuildPhase section */
		84C85B001F594D9E00941F69 /* Sources */ = {
			isa = PBXSourcesBuildPhase;
			buildActionMask = 2147483647;
			files = (
				84C85B9D1F5950FA00941F69 /* IntegralViewController.m in Sources */,
				84C85B561F5950DB00941F69 /* split.m in Sources */,
				84C85B751F5950E900941F69 /* RSADataSigner.m in Sources */,
				84C85BC31F59511800941F69 /* RequestAPI.m in Sources */,
				84C85BA11F5950FA00941F69 /* PayViewController.m in Sources */,
				841F0EC01F5AA786000B57B6 /* UserModel.m in Sources */,
				84C85BC61F59511800941F69 /* Utilities.m in Sources */,
				84C85B741F5950E900941F69 /* openssl_wrapper.m in Sources */,
				84C85B501F5950DB00941F69 /* bitstream.m in Sources */,
				7947BC7F1F5CE52C00D0638C /* MyTableViewCell.m in Sources */,
				84C85BC01F59511800941F69 /* JSONS.m in Sources */,
				84C85BBD1F59511800941F69 /* Order.m in Sources */,
				84C85B571F5950DB00941F69 /* BasicEncodingRules.m in Sources */,
				84C85BC21F59511800941F69 /* NSString+Crypt.m in Sources */,
				84C85B151F594D9E00941F69 /* Healths.xcdatamodeld in Sources */,
				84C85B551F5950DB00941F69 /* rscode.m in Sources */,
				84C85B0C1F594D9E00941F69 /* AppDelegate.m in Sources */,
				84C85B721F5950E900941F69 /* MD5DataSigner.m in Sources */,
				84C85B761F5950E900941F69 /* RSADataVerifier.m in Sources */,
				84C85B091F594D9E00941F69 /* main.m in Sources */,
				84C85B9B1F5950FA00941F69 /* FindViewController.m in Sources */,
				84DE7A911F5CE07E00D82DBB /* HomeModel.m in Sources */,
				7947BC8C1F5D339500D0638C /* MyOrderTableViewCell.m in Sources */,
				841F0EB41F5A8785000B57B6 /* NCViewController.m in Sources */,
				84C85B511F5950DB00941F69 /* mask.m in Sources */,
				84C85B541F5950DB00941F69 /* qrspec.m in Sources */,
				84C85BBF1F59511800941F69 /* ErrorHandler.m in Sources */,
				84C85BC41F59511800941F69 /* StorageMgr.m in Sources */,
				84C85B731F5950E900941F69 /* NSDataEx.m in Sources */,
				84C85B6F1F5950E900941F69 /* base64.m in Sources */,
				84C85B6E1F5950E900941F69 /* GBAlipayManager.m in Sources */,
				84C85BA41F5950FA00941F69 /* SignInViewController.m in Sources */,
				841F0EB11F5A86BC000B57B6 /* SetUpTableViewCell.m in Sources */,
				84C85B701F5950E900941F69 /* DataSigner.m in Sources */,
				84C85B981F5950FA00941F69 /* AboutUsViewController.m in Sources */,
				84C85B521F5950DB00941F69 /* qrencode.m in Sources */,
				7947BC8E1F5D36FA00D0638C /* MyPromotionViewController.m in Sources */,
				84C85B531F5950DB00941F69 /* qrinput.m in Sources */,
				84C85B711F5950E900941F69 /* DataVerifier.m in Sources */,
				84C85BF11F5A496000941F69 /* HomeTableViewCell.m in Sources */,
				84C85BC11F59511800941F69 /* NSData+Base64.m in Sources */,
				84C85BA51F5950FA00941F69 /* SignUpViewController.m in Sources */,
				84C85BA01F5950FA00941F69 /* MyViewController.m in Sources */,
				841F0EB71F5A87AE000B57B6 /* XBViewController.m in Sources */,
				84C85BC51F59511800941F69 /* UIImage+MDQRCode.m in Sources */,
				84C85BA21F5950FA00941F69 /* SecuritiesDetailViewController.m in Sources */,
				84C85BBE1F59511800941F69 /* AppAPIClient.m in Sources */,
				84C85B991F5950FA00941F69 /* ClubDetailViewController.m in Sources */,
				841F0EBA1F5A87CF000B57B6 /* SRViewController.m in Sources */,
				841F0EBD1F5A87E5000B57B6 /* SFZHMViewController.m in Sources */,
				84C85B9A1F5950FA00941F69 /* FeedbackViewController.m in Sources */,
				84C85B9C1F5950FA00941F69 /* HomeViewController.m in Sources */,
				84C85BA31F5950FA00941F69 /* SetUpViewController.m in Sources */,
				84C85B9E1F5950FA00941F69 /* MyOrderViewController.m in Sources */,
			);
			runOnlyForDeploymentPostprocessing = 0;
		};
		84C85B1C1F594D9E00941F69 /* Sources */ = {
			isa = PBXSourcesBuildPhase;
			buildActionMask = 2147483647;
			files = (
				84C85B251F594D9E00941F69 /* HealthsTests.m in Sources */,
			);
			runOnlyForDeploymentPostprocessing = 0;
		};
		84C85B271F594D9E00941F69 /* Sources */ = {
			isa = PBXSourcesBuildPhase;
			buildActionMask = 2147483647;
			files = (
				84C85B301F594D9E00941F69 /* HealthsUITests.m in Sources */,
			);
			runOnlyForDeploymentPostprocessing = 0;
		};
/* End PBXSourcesBuildPhase section */

/* Begin PBXTargetDependency section */
		84C85B221F594D9E00941F69 /* PBXTargetDependency */ = {
			isa = PBXTargetDependency;
			target = 84C85B031F594D9E00941F69 /* Healths */;
			targetProxy = 84C85B211F594D9E00941F69 /* PBXContainerItemProxy */;
		};
		84C85B2D1F594D9E00941F69 /* PBXTargetDependency */ = {
			isa = PBXTargetDependency;
			target = 84C85B031F594D9E00941F69 /* Healths */;
			targetProxy = 84C85B2C1F594D9E00941F69 /* PBXContainerItemProxy */;
		};
/* End PBXTargetDependency section */

/* Begin PBXVariantGroup section */
		84C85B181F594D9E00941F69 /* LaunchScreen.storyboard */ = {
			isa = PBXVariantGroup;
			children = (
				84C85B191F594D9E00941F69 /* Base */,
			);
			name = LaunchScreen.storyboard;
			sourceTree = "<group>";
		};
/* End PBXVariantGroup section */

/* Begin XCBuildConfiguration section */
		84C85B321F594D9E00941F69 /* Debug */ = {
			isa = XCBuildConfiguration;
			buildSettings = {
				ALWAYS_SEARCH_USER_PATHS = NO;
				CLANG_ANALYZER_NONNULL = YES;
				CLANG_ANALYZER_NUMBER_OBJECT_CONVERSION = YES_AGGRESSIVE;
				CLANG_CXX_LANGUAGE_STANDARD = "gnu++0x";
				CLANG_CXX_LIBRARY = "libc++";
				CLANG_ENABLE_MODULES = YES;
				CLANG_ENABLE_OBJC_ARC = YES;
				CLANG_WARN_BOOL_CONVERSION = YES;
				CLANG_WARN_CONSTANT_CONVERSION = YES;
				CLANG_WARN_DIRECT_OBJC_ISA_USAGE = YES_ERROR;
				CLANG_WARN_DOCUMENTATION_COMMENTS = YES;
				CLANG_WARN_EMPTY_BODY = YES;
				CLANG_WARN_ENUM_CONVERSION = YES;
				CLANG_WARN_INFINITE_RECURSION = YES;
				CLANG_WARN_INT_CONVERSION = YES;
				CLANG_WARN_OBJC_ROOT_CLASS = YES_ERROR;
				CLANG_WARN_SUSPICIOUS_MOVE = YES;
				CLANG_WARN_UNREACHABLE_CODE = YES;
				CLANG_WARN__DUPLICATE_METHOD_MATCH = YES;
				"CODE_SIGN_IDENTITY[sdk=iphoneos*]" = "iPhone Developer";
				COPY_PHASE_STRIP = NO;
				DEBUG_INFORMATION_FORMAT = dwarf;
				ENABLE_STRICT_OBJC_MSGSEND = YES;
				ENABLE_TESTABILITY = YES;
				GCC_C_LANGUAGE_STANDARD = gnu99;
				GCC_DYNAMIC_NO_PIC = NO;
				GCC_NO_COMMON_BLOCKS = YES;
				GCC_OPTIMIZATION_LEVEL = 0;
				GCC_PREPROCESSOR_DEFINITIONS = (
					"DEBUG=1",
					"$(inherited)",
				);
				GCC_WARN_64_TO_32_BIT_CONVERSION = YES;
				GCC_WARN_ABOUT_RETURN_TYPE = YES_ERROR;
				GCC_WARN_UNDECLARED_SELECTOR = YES;
				GCC_WARN_UNINITIALIZED_AUTOS = YES_AGGRESSIVE;
				GCC_WARN_UNUSED_FUNCTION = YES;
				GCC_WARN_UNUSED_VARIABLE = YES;
				IPHONEOS_DEPLOYMENT_TARGET = 10.3;
				MTL_ENABLE_DEBUG_INFO = YES;
				ONLY_ACTIVE_ARCH = YES;
				SDKROOT = iphoneos;
			};
			name = Debug;
		};
		84C85B331F594D9E00941F69 /* Release */ = {
			isa = XCBuildConfiguration;
			buildSettings = {
				ALWAYS_SEARCH_USER_PATHS = NO;
				CLANG_ANALYZER_NONNULL = YES;
				CLANG_ANALYZER_NUMBER_OBJECT_CONVERSION = YES_AGGRESSIVE;
				CLANG_CXX_LANGUAGE_STANDARD = "gnu++0x";
				CLANG_CXX_LIBRARY = "libc++";
				CLANG_ENABLE_MODULES = YES;
				CLANG_ENABLE_OBJC_ARC = YES;
				CLANG_WARN_BOOL_CONVERSION = YES;
				CLANG_WARN_CONSTANT_CONVERSION = YES;
				CLANG_WARN_DIRECT_OBJC_ISA_USAGE = YES_ERROR;
				CLANG_WARN_DOCUMENTATION_COMMENTS = YES;
				CLANG_WARN_EMPTY_BODY = YES;
				CLANG_WARN_ENUM_CONVERSION = YES;
				CLANG_WARN_INFINITE_RECURSION = YES;
				CLANG_WARN_INT_CONVERSION = YES;
				CLANG_WARN_OBJC_ROOT_CLASS = YES_ERROR;
				CLANG_WARN_SUSPICIOUS_MOVE = YES;
				CLANG_WARN_UNREACHABLE_CODE = YES;
				CLANG_WARN__DUPLICATE_METHOD_MATCH = YES;
				"CODE_SIGN_IDENTITY[sdk=iphoneos*]" = "iPhone Developer";
				COPY_PHASE_STRIP = NO;
				DEBUG_INFORMATION_FORMAT = "dwarf-with-dsym";
				ENABLE_NS_ASSERTIONS = NO;
				ENABLE_STRICT_OBJC_MSGSEND = YES;
				GCC_C_LANGUAGE_STANDARD = gnu99;
				GCC_NO_COMMON_BLOCKS = YES;
				GCC_WARN_64_TO_32_BIT_CONVERSION = YES;
				GCC_WARN_ABOUT_RETURN_TYPE = YES_ERROR;
				GCC_WARN_UNDECLARED_SELECTOR = YES;
				GCC_WARN_UNINITIALIZED_AUTOS = YES_AGGRESSIVE;
				GCC_WARN_UNUSED_FUNCTION = YES;
				GCC_WARN_UNUSED_VARIABLE = YES;
				IPHONEOS_DEPLOYMENT_TARGET = 10.3;
				MTL_ENABLE_DEBUG_INFO = NO;
				SDKROOT = iphoneos;
				VALIDATE_PRODUCT = YES;
			};
			name = Release;
		};
		84C85B351F594D9E00941F69 /* Debug */ = {
			isa = XCBuildConfiguration;
			baseConfigurationReference = 6FBE97A4BFEF447D0A3919BE /* Pods-Healths.debug.xcconfig */;
			buildSettings = {
				ASSETCATALOG_COMPILER_APPICON_NAME = AppIcon;
				FRAMEWORK_SEARCH_PATHS = (
					"$(inherited)",
					"$(PROJECT_DIR)/Healths/Alipay",
				);
				GCC_PREFIX_HEADER = Healths/PrefixHeader.pch;
				INFOPLIST_FILE = Healths/Info.plist;
				IPHONEOS_DEPLOYMENT_TARGET = 9.0;
				LD_RUNPATH_SEARCH_PATHS = "$(inherited) @executable_path/Frameworks";
				LIBRARY_SEARCH_PATHS = (
					"$(inherited)",
					"$(PROJECT_DIR)/Healths/Alipay",
				);
				PRODUCT_BUNDLE_IDENTIFIER = self.idea.Healths;
				PRODUCT_NAME = "$(TARGET_NAME)";
			};
			name = Debug;
		};
		84C85B361F594D9E00941F69 /* Release */ = {
			isa = XCBuildConfiguration;
			baseConfigurationReference = C5090B76C3EFACD01F252C81 /* Pods-Healths.release.xcconfig */;
			buildSettings = {
				ASSETCATALOG_COMPILER_APPICON_NAME = AppIcon;
				FRAMEWORK_SEARCH_PATHS = (
					"$(inherited)",
					"$(PROJECT_DIR)/Healths/Alipay",
				);
				GCC_PREFIX_HEADER = Healths/PrefixHeader.pch;
				INFOPLIST_FILE = Healths/Info.plist;
				IPHONEOS_DEPLOYMENT_TARGET = 9.0;
				LD_RUNPATH_SEARCH_PATHS = "$(inherited) @executable_path/Frameworks";
				LIBRARY_SEARCH_PATHS = (
					"$(inherited)",
					"$(PROJECT_DIR)/Healths/Alipay",
				);
				PRODUCT_BUNDLE_IDENTIFIER = self.idea.Healths;
				PRODUCT_NAME = "$(TARGET_NAME)";
			};
			name = Release;
		};
		84C85B381F594D9E00941F69 /* Debug */ = {
			isa = XCBuildConfiguration;
			buildSettings = {
				BUNDLE_LOADER = "$(TEST_HOST)";
				INFOPLIST_FILE = HealthsTests/Info.plist;
				LD_RUNPATH_SEARCH_PATHS = "$(inherited) @executable_path/Frameworks @loader_path/Frameworks";
				PRODUCT_BUNDLE_IDENTIFIER = self.idea.HealthsTests;
				PRODUCT_NAME = "$(TARGET_NAME)";
				TEST_HOST = "$(BUILT_PRODUCTS_DIR)/Healths.app/Healths";
			};
			name = Debug;
		};
		84C85B391F594D9E00941F69 /* Release */ = {
			isa = XCBuildConfiguration;
			buildSettings = {
				BUNDLE_LOADER = "$(TEST_HOST)";
				INFOPLIST_FILE = HealthsTests/Info.plist;
				LD_RUNPATH_SEARCH_PATHS = "$(inherited) @executable_path/Frameworks @loader_path/Frameworks";
				PRODUCT_BUNDLE_IDENTIFIER = self.idea.HealthsTests;
				PRODUCT_NAME = "$(TARGET_NAME)";
				TEST_HOST = "$(BUILT_PRODUCTS_DIR)/Healths.app/Healths";
			};
			name = Release;
		};
		84C85B3B1F594D9E00941F69 /* Debug */ = {
			isa = XCBuildConfiguration;
			buildSettings = {
				INFOPLIST_FILE = HealthsUITests/Info.plist;
				LD_RUNPATH_SEARCH_PATHS = "$(inherited) @executable_path/Frameworks @loader_path/Frameworks";
				PRODUCT_BUNDLE_IDENTIFIER = self.idea.HealthsUITests;
				PRODUCT_NAME = "$(TARGET_NAME)";
				TEST_TARGET_NAME = Healths;
			};
			name = Debug;
		};
		84C85B3C1F594D9E00941F69 /* Release */ = {
			isa = XCBuildConfiguration;
			buildSettings = {
				INFOPLIST_FILE = HealthsUITests/Info.plist;
				LD_RUNPATH_SEARCH_PATHS = "$(inherited) @executable_path/Frameworks @loader_path/Frameworks";
				PRODUCT_BUNDLE_IDENTIFIER = self.idea.HealthsUITests;
				PRODUCT_NAME = "$(TARGET_NAME)";
				TEST_TARGET_NAME = Healths;
			};
			name = Release;
		};
/* End XCBuildConfiguration section */

/* Begin XCConfigurationList section */
		84C85AFF1F594D9E00941F69 /* Build configuration list for PBXProject "Healths" */ = {
			isa = XCConfigurationList;
			buildConfigurations = (
				84C85B321F594D9E00941F69 /* Debug */,
				84C85B331F594D9E00941F69 /* Release */,
			);
			defaultConfigurationIsVisible = 0;
			defaultConfigurationName = Release;
		};
		84C85B341F594D9E00941F69 /* Build configuration list for PBXNativeTarget "Healths" */ = {
			isa = XCConfigurationList;
			buildConfigurations = (
				84C85B351F594D9E00941F69 /* Debug */,
				84C85B361F594D9E00941F69 /* Release */,
			);
			defaultConfigurationIsVisible = 0;
			defaultConfigurationName = Release;
		};
		84C85B371F594D9E00941F69 /* Build configuration list for PBXNativeTarget "HealthsTests" */ = {
			isa = XCConfigurationList;
			buildConfigurations = (
				84C85B381F594D9E00941F69 /* Debug */,
				84C85B391F594D9E00941F69 /* Release */,
			);
			defaultConfigurationIsVisible = 0;
			defaultConfigurationName = Release;
		};
		84C85B3A1F594D9E00941F69 /* Build configuration list for PBXNativeTarget "HealthsUITests" */ = {
			isa = XCConfigurationList;
			buildConfigurations = (
				84C85B3B1F594D9E00941F69 /* Debug */,
				84C85B3C1F594D9E00941F69 /* Release */,
			);
			defaultConfigurationIsVisible = 0;
			defaultConfigurationName = Release;
		};
/* End XCConfigurationList section */

/* Begin XCVersionGroup section */
		84C85B131F594D9E00941F69 /* Healths.xcdatamodeld */ = {
			isa = XCVersionGroup;
			children = (
				84C85B141F594D9E00941F69 /* Healths.xcdatamodel */,
			);
			currentVersion = 84C85B141F594D9E00941F69 /* Healths.xcdatamodel */;
			path = Healths.xcdatamodeld;
			sourceTree = "<group>";
			versionGroupType = wrapper.xcdatamodel;
		};
/* End XCVersionGroup section */
	};
	rootObject = 84C85AFC1F594D9E00941F69 /* Project object */;
}
